
Microsoft Visual Studio Solution File, Format Version 12.00
# Visual Studio 15
VisualStudioVersion = 15.0.27703.2035
MinimumVisualStudioVersion = 10.0.40219.1
Project("{9A19103F-16F7-4668-BE54-9A1E7A4F7556}") = "AsyncTlsSocketEchoServerClient.Client", "AsyncTlsSocketEchoServerClient.Client\AsyncTlsSocketEchoServerClient.Client.csproj", "{144420AD-EB47-41EF-B897-69C3F4658022}"
EndProject
Project("{9A19103F-16F7-4668-BE54-9A1E7A4F7556}") = "AsyncTlsSocketEchoServerClient.Server", "AsyncTlsSocketEchoServerClient.Server\AsyncTlsSocketEchoServerClient.Server.csproj", "{182BFC10-9261-42E0-8417-81574E54C925}"
EndProject
Global
	GlobalSection(SolutionConfigurationPlatforms) = preSolution
		Debug|Any CPU = Debug|Any CPU
		Release|Any CPU = Release|Any CPU
	EndGlobalSection
	GlobalSection(ProjectConfigurationPlatforms) = postSolution
		{144420AD-EB47-41EF-B897-69C3F4658022}.Debug|Any CPU.ActiveCfg = Debug|Any CPU
		{144420AD-EB47-41EF-B897-69C3F4658022}.Debug|Any CPU.Build.0 = Debug|Any CPU
		{144420AD-EB47-41EF-B897-69C3F4658022}.Release|Any CPU.ActiveCfg = Release|Any CPU
		{144420AD-EB47-41EF-B897-69C3F4658022}.Release|Any CPU.Build.0 = Release|Any CPU
		{182BFC10-9261-42E0-8417-81574E54C925}.Debug|Any CPU.ActiveCfg = Debug|Any CPU
		{182BFC10-9261-42E0-8417-81574E54C925}.Debug|Any CPU.Build.0 = Debug|Any CPU
		{182BFC10-9261-42E0-8417-81574E54C925}.Release|Any CPU.ActiveCfg = Release|Any CPU
		{182BFC10-9261-42E0-8417-81574E54C925}.Release|Any CPU.Build.0 = Release|Any CPU
	EndGlobalSection
	GlobalSection(SolutionProperties) = preSolution
		HideSolutionNode = FALSE
	EndGlobalSection
	GlobalSection(ExtensibilityGlobals) = postSolution
		SolutionGuid = {16A57B6B-9755-41C1-B13C-77E814C2CF9A}
	EndGlobalSection
EndGlobal
